
Microsoft Visual Studio Solution File, Format Version 12.00
# Visual Studio Version 17
VisualStudioVersion = 17.10.35013.160
MinimumVisualStudioVersion = 10.0.40219.1
Project("{FAE04EC0-301F-11D3-BF4B-00C04F79EFBC}") = "Inzynierka", "Inzynierka\Inzynierka.csproj", "{FFBC3AC4-CD59-44CB-B493-CA1A266F9822}"
EndProject
Global
	GlobalSection(SolutionConfigurationPlatforms) = preSolution
		Debug|Any CPU = Debug|Any CPU
		Release|Any CPU = Release|Any CPU
	EndGlobalSection
	GlobalSection(ProjectConfigurationPlatforms) = postSolution
		{FFBC3AC4-CD59-44CB-B493-CA1A266F9822}.Debug|Any CPU.ActiveCfg = Debug|Any CPU
		{FFBC3AC4-CD59-44CB-B493-CA1A266F9822}.Debug|Any CPU.Build.0 = Debug|Any CPU
		{FFBC3AC4-CD59-44CB-B493-CA1A266F9822}.Release|Any CPU.ActiveCfg = Release|Any CPU
		{FFBC3AC4-CD59-44CB-B493-CA1A266F9822}.Release|Any CPU.Build.0 = Release|Any CPU
	EndGlobalSection
	GlobalSection(SolutionProperties) = preSolution
		HideSolutionNode = FALSE
	EndGlobalSection
	GlobalSection(ExtensibilityGlobals) = postSolution
		SolutionGuid = {51CF1C76-F8B6-46D0-B2AB-8A516B3414CC}
	EndGlobalSection
EndGlobal
